
Microsoft Visual Studio Solution File, Format Version 12.00
# Visual Studio 15
Project("{FAE04EC0-301F-11D3-BF4B-00C04F79EFBC}") = "FMODUnity", "FMODUnity.csproj", "{0041F484-9C1F-1645-4057-90EA5E05E8E7}"
EndProject
Project("{FAE04EC0-301F-11D3-BF4B-00C04F79EFBC}") = "Assembly-CSharp", "Assembly-CSharp.csproj", "{6CEC3E5F-09F9-E1E1-3B95-41F8EB224FF0}"
EndProject
Project("{FAE04EC0-301F-11D3-BF4B-00C04F79EFBC}") = "FMODUnityEditor", "FMODUnityEditor.csproj", "{2BB0F355-6C3E-E33D-B661-D3E1B21FDF33}"
EndProject
Project("{FAE04EC0-301F-11D3-BF4B-00C04F79EFBC}") = "FMODUnityResonanceEditor", "FMODUnityResonanceEditor.csproj", "{C036A210-A322-7F94-42D7-AAA8C95A2344}"
EndProject
Project("{FAE04EC0-301F-11D3-BF4B-00C04F79EFBC}") = "FMODUnityResonance", "FMODUnityResonance.csproj", "{4AB619CF-D4C4-5EFC-DEFA-8682447CB2F4}"
EndProject
Global
	GlobalSection(SolutionConfigurationPlatforms) = preSolution
		Debug|Any CPU = Debug|Any CPU
		Release|Any CPU = Release|Any CPU
	EndGlobalSection
	GlobalSection(ProjectConfigurationPlatforms) = postSolution
		{0041F484-9C1F-1645-4057-90EA5E05E8E7}.Debug|Any CPU.ActiveCfg = Debug|Any CPU
		{0041F484-9C1F-1645-4057-90EA5E05E8E7}.Debug|Any CPU.Build.0 = Debug|Any CPU
		{0041F484-9C1F-1645-4057-90EA5E05E8E7}.Release|Any CPU.ActiveCfg = Release|Any CPU
		{0041F484-9C1F-1645-4057-90EA5E05E8E7}.Release|Any CPU.Build.0 = Release|Any CPU
		{6CEC3E5F-09F9-E1E1-3B95-41F8EB224FF0}.Debug|Any CPU.ActiveCfg = Debug|Any CPU
		{6CEC3E5F-09F9-E1E1-3B95-41F8EB224FF0}.Debug|Any CPU.Build.0 = Debug|Any CPU
		{6CEC3E5F-09F9-E1E1-3B95-41F8EB224FF0}.Release|Any CPU.ActiveCfg = Release|Any CPU
		{6CEC3E5F-09F9-E1E1-3B95-41F8EB224FF0}.Release|Any CPU.Build.0 = Release|Any CPU
		{2BB0F355-6C3E-E33D-B661-D3E1B21FDF33}.Debug|Any CPU.ActiveCfg = Debug|Any CPU
		{2BB0F355-6C3E-E33D-B661-D3E1B21FDF33}.Debug|Any CPU.Build.0 = Debug|Any CPU
		{2BB0F355-6C3E-E33D-B661-D3E1B21FDF33}.Release|Any CPU.ActiveCfg = Release|Any CPU
		{2BB0F355-6C3E-E33D-B661-D3E1B21FDF33}.Release|Any CPU.Build.0 = Release|Any CPU
		{C036A210-A322-7F94-42D7-AAA8C95A2344}.Debug|Any CPU.ActiveCfg = Debug|Any CPU
		{C036A210-A322-7F94-42D7-AAA8C95A2344}.Debug|Any CPU.Build.0 = Debug|Any CPU
		{C036A210-A322-7F94-42D7-AAA8C95A2344}.Release|Any CPU.ActiveCfg = Release|Any CPU
		{C036A210-A322-7F94-42D7-AAA8C95A2344}.Release|Any CPU.Build.0 = Release|Any CPU
		{4AB619CF-D4C4-5EFC-DEFA-8682447CB2F4}.Debug|Any CPU.ActiveCfg = Debug|Any CPU
		{4AB619CF-D4C4-5EFC-DEFA-8682447CB2F4}.Debug|Any CPU.Build.0 = Debug|Any CPU
		{4AB619CF-D4C4-5EFC-DEFA-8682447CB2F4}.Release|Any CPU.ActiveCfg = Release|Any CPU
		{4AB619CF-D4C4-5EFC-DEFA-8682447CB2F4}.Release|Any CPU.Build.0 = Release|Any CPU
	EndGlobalSection
	GlobalSection(SolutionProperties) = preSolution
		HideSolutionNode = FALSE
	EndGlobalSection
EndGlobal
